
Microsoft Visual Studio Solution File, Format Version 12.00
# Visual Studio 15
VisualStudioVersion = 15.0.28307.852
MinimumVisualStudioVersion = 10.0.40219.1
Project("{FAE04EC0-301F-11D3-BF4B-00C04F79EFBC}") = "DigitalClock", "DigitalClock\DigitalClock.csproj", "{A2F316E7-002E-45FD-B5DD-1F09CBD87F0F}"
EndProject
Global
	GlobalSection(SolutionConfigurationPlatforms) = preSolution
		Debug|Any CPU = Debug|Any CPU
		Release|Any CPU = Release|Any CPU
	EndGlobalSection
	GlobalSection(ProjectConfigurationPlatforms) = postSolution
		{A2F316E7-002E-45FD-B5DD-1F09CBD87F0F}.Debug|Any CPU.ActiveCfg = Debug|Any CPU
		{A2F316E7-002E-45FD-B5DD-1F09CBD87F0F}.Debug|Any CPU.Build.0 = Debug|Any CPU
		{A2F316E7-002E-45FD-B5DD-1F09CBD87F0F}.Release|Any CPU.ActiveCfg = Release|Any CPU
		{A2F316E7-002E-45FD-B5DD-1F09CBD87F0F}.Release|Any CPU.Build.0 = Release|Any CPU
	EndGlobalSection
	GlobalSection(SolutionProperties) = preSolution
		HideSolutionNode = FALSE
	EndGlobalSection
	GlobalSection(ExtensibilityGlobals) = postSolution
		SolutionGuid = {ED2F6841-DE95-46CB-A917-FDB1FECCAF64}
	EndGlobalSection
EndGlobal
